
Microsoft Visual Studio Solution File, Format Version 12.00
# Visual Studio Version 17
VisualStudioVersion = 17.13.35825.156 d17.13
MinimumVisualStudioVersion = 10.0.40219.1
Project("{FAE04EC0-301F-11D3-BF4B-00C04F79EFBC}") = "Web_Music", "Web_Music.csproj", "{BB25432A-6F29-4BD5-BA69-14ED44553E10}"
EndProject
Global
	GlobalSection(SolutionConfigurationPlatforms) = preSolution
		Debug|Any CPU = Debug|Any CPU
		Release|Any CPU = Release|Any CPU
	EndGlobalSection
	GlobalSection(ProjectConfigurationPlatforms) = postSolution
		{BB25432A-6F29-4BD5-BA69-14ED44553E10}.Debug|Any CPU.ActiveCfg = Debug|Any CPU
		{BB25432A-6F29-4BD5-BA69-14ED44553E10}.Debug|Any CPU.Build.0 = Debug|Any CPU
		{BB25432A-6F29-4BD5-BA69-14ED44553E10}.Release|Any CPU.ActiveCfg = Release|Any CPU
		{BB25432A-6F29-4BD5-BA69-14ED44553E10}.Release|Any CPU.Build.0 = Release|Any CPU
	EndGlobalSection
	GlobalSection(SolutionProperties) = preSolution
		HideSolutionNode = FALSE
	EndGlobalSection
	GlobalSection(ExtensibilityGlobals) = postSolution
		SolutionGuid = {BC783C2C-36F9-41BB-9348-F511AA7F91E5}
	EndGlobalSection
EndGlobal
